// !$*UTF8*$!
{
	archiveVersion = 1;
	classes = {
	};
	objectVersion = 51;
	objects = {

/* Begin PBXBuildFile section */
		07A5494828D400DF45DBABFB /* Pods_Nani.framework in Frameworks */ = {isa = PBXBuildFile; fileRef = CA01D22FB732F920FBE0E025 /* Pods_Nani.framework */; };
		1F0FBECD262018FB009B2A82 /* NoteCollectionViewCell.swift in Sources */ = {isa = PBXBuildFile; fileRef = 1F0FBECC262018FB009B2A82 /* NoteCollectionViewCell.swift */; };
		1F0FBED5262026C9009B2A82 /* GoogleService-Info.plist in Resources */ = {isa = PBXBuildFile; fileRef = 1F0FBED4262026C9009B2A82 /* GoogleService-Info.plist */; };
		1F0FBF192620317C009B2A82 /* FoodCard.swift in Sources */ = {isa = PBXBuildFile; fileRef = 1F0FBF182620317C009B2A82 /* FoodCard.swift */; };
		1F0FBF21262488C6009B2A82 /* Reivew.swift in Sources */ = {isa = PBXBuildFile; fileRef = 1F0FBF20262488C5009B2A82 /* Reivew.swift */; };
		1F0FBF2626248A9B009B2A82 /* User.swift in Sources */ = {isa = PBXBuildFile; fileRef = 1F0FBF2526248A9B009B2A82 /* User.swift */; };
		1F0FBF4626255851009B2A82 /* EmptyReviewCollectionViewCell.swift in Sources */ = {isa = PBXBuildFile; fileRef = 1F0FBF4526255851009B2A82 /* EmptyReviewCollectionViewCell.swift */; };
		1F1D06DC2644F152008A0ED7 /* LoginViewController.swift in Sources */ = {isa = PBXBuildFile; fileRef = 1F1D06DB2644F152008A0ED7 /* LoginViewController.swift */; };
		1F1D06E42645CDD7008A0ED7 /* LoginViewController.xib in Resources */ = {isa = PBXBuildFile; fileRef = 1F1D06E32645CDD7008A0ED7 /* LoginViewController.xib */; };
		1F2B47E52612AA4E00F758DE /* Comfortaa-Bold.ttf in Resources */ = {isa = PBXBuildFile; fileRef = 1F2B47E02612AA4E00F758DE /* Comfortaa-Bold.ttf */; };
		1F2B47E62612AA4E00F758DE /* Comfortaa-SemiBold.ttf in Resources */ = {isa = PBXBuildFile; fileRef = 1F2B47E12612AA4E00F758DE /* Comfortaa-SemiBold.ttf */; };
		1F2B47E72612AA4E00F758DE /* Comfortaa-Light.ttf in Resources */ = {isa = PBXBuildFile; fileRef = 1F2B47E22612AA4E00F758DE /* Comfortaa-Light.ttf */; };
		1F2B47E82612AA4E00F758DE /* Comfortaa-Regular.ttf in Resources */ = {isa = PBXBuildFile; fileRef = 1F2B47E32612AA4E00F758DE /* Comfortaa-Regular.ttf */; };
		1F2B47E92612AA4E00F758DE /* Comfortaa-Medium.ttf in Resources */ = {isa = PBXBuildFile; fileRef = 1F2B47E42612AA4E00F758DE /* Comfortaa-Medium.ttf */; };
		1F4D5067261115B600C34716 /* SectionTitleIndexController.swift in Sources */ = {isa = PBXBuildFile; fileRef = 1F4D5066261115B600C34716 /* SectionTitleIndexController.swift */; };
		1F4D506F261115D800C34716 /* InfoViewController.swift in Sources */ = {isa = PBXBuildFile; fileRef = 1F4D506E261115D800C34716 /* InfoViewController.swift */; };
		1F4D50752611160500C34716 /* Meal.swift in Sources */ = {isa = PBXBuildFile; fileRef = 1F4D50742611160500C34716 /* Meal.swift */; };
		1F4D507D2611169500C34716 /* Interactor.swift in Sources */ = {isa = PBXBuildFile; fileRef = 1F4D507C2611169500C34716 /* Interactor.swift */; };
		1F4D508326111A3300C34716 /* HeaderView.swift in Sources */ = {isa = PBXBuildFile; fileRef = 1F4D508226111A3300C34716 /* HeaderView.swift */; };
		1F4D508B26111AF200C34716 /* DetailCollectionViewCell.swift in Sources */ = {isa = PBXBuildFile; fileRef = 1F4D508A26111AF100C34716 /* DetailCollectionViewCell.swift */; };
		1F4D509026111B1300C34716 /* DetailHeaderCollectionViewCell.swift in Sources */ = {isa = PBXBuildFile; fileRef = 1F4D508F26111B1300C34716 /* DetailHeaderCollectionViewCell.swift */; };
		1F4D509526111BC300C34716 /* InfoCollectionViewCell.swift in Sources */ = {isa = PBXBuildFile; fileRef = 1F4D509426111BC300C34716 /* InfoCollectionViewCell.swift */; };
		1F4D509A26111C1000C34716 /* MenuCollectionViewCell.swift in Sources */ = {isa = PBXBuildFile; fileRef = 1F4D509926111C1000C34716 /* MenuCollectionViewCell.swift */; };
		1F4D509F26111C5000C34716 /* SectionHeaderView.swift in Sources */ = {isa = PBXBuildFile; fileRef = 1F4D509E26111C5000C34716 /* SectionHeaderView.swift */; };
		1F4D50A426111CD800C34716 /* MealItemViewController.swift in Sources */ = {isa = PBXBuildFile; fileRef = 1F4D50A326111CD800C34716 /* MealItemViewController.swift */; };
		1F4D50A926111D5500C34716 /* MealItemTableViewCell.swift in Sources */ = {isa = PBXBuildFile; fileRef = 1F4D50A826111D5500C34716 /* MealItemTableViewCell.swift */; };
		1F4D50AF26111DA700C34716 /* MealItemTitleCell.swift in Sources */ = {isa = PBXBuildFile; fileRef = 1F4D50AE26111DA700C34716 /* MealItemTitleCell.swift */; };
		1F4D50B726111DCE00C34716 /* MealItemQuantityCell.swift in Sources */ = {isa = PBXBuildFile; fileRef = 1F4D50B626111DCE00C34716 /* MealItemQuantityCell.swift */; };
		1F4D50BC26111E9400C34716 /* InfoTableView.swift in Sources */ = {isa = PBXBuildFile; fileRef = 1F4D50BB26111E9400C34716 /* InfoTableView.swift */; };
		1F4D50C126111F1200C34716 /* InfoTableViewHeader.swift in Sources */ = {isa = PBXBuildFile; fileRef = 1F4D50C026111F1200C34716 /* InfoTableViewHeader.swift */; };
		1F4D50C62611204900C34716 /* InfoTableViewCell.swift in Sources */ = {isa = PBXBuildFile; fileRef = 1F4D50C52611204900C34716 /* InfoTableViewCell.swift */; };
		1F5F26E726156F060013D666 /* InfoDetailCollectionViewCell.swift in Sources */ = {isa = PBXBuildFile; fileRef = 1F5F26E626156F060013D666 /* InfoDetailCollectionViewCell.swift */; };
		1F5F26EC261593D30013D666 /* ReviewCollectionViewCell.swift in Sources */ = {isa = PBXBuildFile; fileRef = 1F5F26EB261593D30013D666 /* ReviewCollectionViewCell.swift */; };
		1FA327B6260338E800811BC2 /* AppDelegate.swift in Sources */ = {isa = PBXBuildFile; fileRef = 1FA327B5260338E800811BC2 /* AppDelegate.swift */; };
		1FA327B8260338E800811BC2 /* SceneDelegate.swift in Sources */ = {isa = PBXBuildFile; fileRef = 1FA327B7260338E800811BC2 /* SceneDelegate.swift */; };
		1FA327BA260338E800811BC2 /* DetailViewController.swift in Sources */ = {isa = PBXBuildFile; fileRef = 1FA327B9260338E800811BC2 /* DetailViewController.swift */; };
		1FA327BD260338E800811BC2 /* Main.storyboard in Resources */ = {isa = PBXBuildFile; fileRef = 1FA327BB260338E800811BC2 /* Main.storyboard */; };
		1FA327BF260338E900811BC2 /* Assets.xcassets in Resources */ = {isa = PBXBuildFile; fileRef = 1FA327BE260338E900811BC2 /* Assets.xcassets */; };
		1FA327C2260338E900811BC2 /* LaunchScreen.storyboard in Resources */ = {isa = PBXBuildFile; fileRef = 1FA327C0260338E900811BC2 /* LaunchScreen.storyboard */; };
		1FA327CD260338E900811BC2 /* NaniTests.swift in Sources */ = {isa = PBXBuildFile; fileRef = 1FA327CC260338E900811BC2 /* NaniTests.swift */; };
		1FA327D8260338E900811BC2 /* NaniUITests.swift in Sources */ = {isa = PBXBuildFile; fileRef = 1FA327D7260338E900811BC2 /* NaniUITests.swift */; };
		1FB3A58A26164E08004D71BF /* HomeViewController.swift in Sources */ = {isa = PBXBuildFile; fileRef = 1FB3A58926164E08004D71BF /* HomeViewController.swift */; };
		1FB3A59226164E4E004D71BF /* HomeViewCell.swift in Sources */ = {isa = PBXBuildFile; fileRef = 1FB3A59126164E4E004D71BF /* HomeViewCell.swift */; };
		1FB3A59726165047004D71BF /* Business.swift in Sources */ = {isa = PBXBuildFile; fileRef = 1FB3A59626165047004D71BF /* Business.swift */; };
		1FB3A59D261652DF004D71BF /* PresentAnimator.swift in Sources */ = {isa = PBXBuildFile; fileRef = 1FB3A59C261652DF004D71BF /* PresentAnimator.swift */; };
		1FB3A5A526165308004D71BF /* DismissAnimator.swift in Sources */ = {isa = PBXBuildFile; fileRef = 1FB3A5A426165308004D71BF /* DismissAnimator.swift */; };
		1FB3A5AA26165C36004D71BF /* TabBarViewController.swift in Sources */ = {isa = PBXBuildFile; fileRef = 1FB3A5A926165C36004D71BF /* TabBarViewController.swift */; };
		1FB8DFE4261E59DB00132152 /* AddViewController.swift in Sources */ = {isa = PBXBuildFile; fileRef = 1FB8DFE3261E59DB00132152 /* AddViewController.swift */; };
		1FB8DFF2261FDEF100132152 /* AddCollectionViewCell.swift in Sources */ = {isa = PBXBuildFile; fileRef = 1FB8DFF1261FDEF100132152 /* AddCollectionViewCell.swift */; };
		1FB8DFF7261FE3CB00132152 /* CollectionViewCellDelegate.swift in Sources */ = {isa = PBXBuildFile; fileRef = 1FB8DFF6261FE3CB00132152 /* CollectionViewCellDelegate.swift */; };
		1FB8E004261FEDEE00132152 /* ShortAddCollectionViewCell.swift in Sources */ = {isa = PBXBuildFile; fileRef = 1FB8E003261FEDEE00132152 /* ShortAddCollectionViewCell.swift */; };
		1FB8E009261FFE8F00132152 /* ImageCollectionViewCell.swift in Sources */ = {isa = PBXBuildFile; fileRef = 1FB8E008261FFE8F00132152 /* ImageCollectionViewCell.swift */; };
		1FB8E00E26200C6600132152 /* DishContainsCollectionViewCell.swift in Sources */ = {isa = PBXBuildFile; fileRef = 1FB8E00D26200C6600132152 /* DishContainsCollectionViewCell.swift */; };
		1FBD1A9A2654ACD9006FA458 /* ProfileViewController.swift in Sources */ = {isa = PBXBuildFile; fileRef = 1FBD1A992654ACD9006FA458 /* ProfileViewController.swift */; };
		1FBD1AA22654AD11006FA458 /* ProfileViewController.xib in Resources */ = {isa = PBXBuildFile; fileRef = 1FBD1AA12654AD11006FA458 /* ProfileViewController.xib */; };
		1FBD1AEA2654D553006FA458 /* CurrentUser.swift in Sources */ = {isa = PBXBuildFile; fileRef = 1FBD1AE92654D553006FA458 /* CurrentUser.swift */; };
		1FBD1B662656F21E006FA458 /* AddReviewController.swift in Sources */ = {isa = PBXBuildFile; fileRef = 1FBD1B652656F21E006FA458 /* AddReviewController.swift */; };
		1FBD1B6E2656F22C006FA458 /* AddReviewController.xib in Resources */ = {isa = PBXBuildFile; fileRef = 1FBD1B6D2656F22C006FA458 /* AddReviewController.xib */; };
		1FBD1B7326570034006FA458 /* AddReviewCell.swift in Sources */ = {isa = PBXBuildFile; fileRef = 1FBD1B7226570034006FA458 /* AddReviewCell.swift */; };
		1FBD1B78265701C0006FA458 /* RatingCell.swift in Sources */ = {isa = PBXBuildFile; fileRef = 1FBD1B77265701C0006FA458 /* RatingCell.swift */; };
		1FBD1B7D26571456006FA458 /* RatingCell.xib in Resources */ = {isa = PBXBuildFile; fileRef = 1FBD1B7C26571456006FA458 /* RatingCell.xib */; };
		1FBD1B82265779F8006FA458 /* AddReviewCellDelegate.swift in Sources */ = {isa = PBXBuildFile; fileRef = 1FBD1B81265779F8006FA458 /* AddReviewCellDelegate.swift */; };
		3CD1817D76CF11EEFBE0F1F8 /* Pods_NaniTests.framework in Frameworks */ = {isa = PBXBuildFile; fileRef = 96B6CD19BC443AFC7E14114B /* Pods_NaniTests.framework */; };
		52E65082BF292FCFECA8929A /* Pods_Nani_NaniUITests.framework in Frameworks */ = {isa = PBXBuildFile; fileRef = 7772DE6A8DC6B8DF7FDF96C2 /* Pods_Nani_NaniUITests.framework */; };
/* End PBXBuildFile section */

/* Begin PBXContainerItemProxy section */
		1FA327C9260338E900811BC2 /* PBXContainerItemProxy */ = {
			isa = PBXContainerItemProxy;
			containerPortal = 1FA327AA260338E800811BC2 /* Project object */;
			proxyType = 1;
			remoteGlobalIDString = 1FA327B1260338E800811BC2;
			remoteInfo = Nani;
		};
		1FA327D4260338E900811BC2 /* PBXContainerItemProxy */ = {
			isa = PBXContainerItemProxy;
			containerPortal = 1FA327AA260338E800811BC2 /* Project object */;
			proxyType = 1;
			remoteGlobalIDString = 1FA327B1260338E800811BC2;
			remoteInfo = Nani;
		};
/* End PBXContainerItemProxy section */

/* Begin PBXFileReference section */
		0B375973FEFCD551C7D176FB /* Pods-NaniTests.release.xcconfig */ = {isa = PBXFileReference; includeInIndex = 1; lastKnownFileType = text.xcconfig; name = "Pods-NaniTests.release.xcconfig"; path = "Target Support Files/Pods-NaniTests/Pods-NaniTests.release.xcconfig"; sourceTree = "<group>"; };
		1F0FBECC262018FB009B2A82 /* NoteCollectionViewCell.swift */ = {isa = PBXFileReference; lastKnownFileType = sourcecode.swift; path = NoteCollectionViewCell.swift; sourceTree = "<group>"; };
		1F0FBED4262026C9009B2A82 /* GoogleService-Info.plist */ = {isa = PBXFileReference; fileEncoding = 4; lastKnownFileType = text.plist.xml; path = "GoogleService-Info.plist"; sourceTree = "<group>"; };
		1F0FBF182620317C009B2A82 /* FoodCard.swift */ = {isa = PBXFileReference; lastKnownFileType = sourcecode.swift; path = FoodCard.swift; sourceTree = "<group>"; };
		1F0FBF20262488C5009B2A82 /* Reivew.swift */ = {isa = PBXFileReference; lastKnownFileType = sourcecode.swift; path = Reivew.swift; sourceTree = "<group>"; };
		1F0FBF2526248A9B009B2A82 /* User.swift */ = {isa = PBXFileReference; lastKnownFileType = sourcecode.swift; path = User.swift; sourceTree = "<group>"; };
		1F0FBF4526255851009B2A82 /* EmptyReviewCollectionViewCell.swift */ = {isa = PBXFileReference; lastKnownFileType = sourcecode.swift; path = EmptyReviewCollectionViewCell.swift; sourceTree = "<group>"; };
		1F0FBF67262665B6009B2A82 /* Nani.entitlements */ = {isa = PBXFileReference; lastKnownFileType = text.plist.entitlements; path = Nani.entitlements; sourceTree = "<group>"; };
		1F1D06DB2644F152008A0ED7 /* LoginViewController.swift */ = {isa = PBXFileReference; lastKnownFileType = sourcecode.swift; path = LoginViewController.swift; sourceTree = "<group>"; };
		1F1D06E32645CDD7008A0ED7 /* LoginViewController.xib */ = {isa = PBXFileReference; lastKnownFileType = file.xib; path = LoginViewController.xib; sourceTree = "<group>"; };
		1F2B47E02612AA4E00F758DE /* Comfortaa-Bold.ttf */ = {isa = PBXFileReference; lastKnownFileType = file; path = "Comfortaa-Bold.ttf"; sourceTree = "<group>"; };
		1F2B47E12612AA4E00F758DE /* Comfortaa-SemiBold.ttf */ = {isa = PBXFileReference; lastKnownFileType = file; path = "Comfortaa-SemiBold.ttf"; sourceTree = "<group>"; };
		1F2B47E22612AA4E00F758DE /* Comfortaa-Light.ttf */ = {isa = PBXFileReference; lastKnownFileType = file; path = "Comfortaa-Light.ttf"; sourceTree = "<group>"; };
		1F2B47E32612AA4E00F758DE /* Comfortaa-Regular.ttf */ = {isa = PBXFileReference; lastKnownFileType = file; path = "Comfortaa-Regular.ttf"; sourceTree = "<group>"; };
		1F2B47E42612AA4E00F758DE /* Comfortaa-Medium.ttf */ = {isa = PBXFileReference; lastKnownFileType = file; path = "Comfortaa-Medium.ttf"; sourceTree = "<group>"; };
		1F4D5066261115B600C34716 /* SectionTitleIndexController.swift */ = {isa = PBXFileReference; lastKnownFileType = sourcecode.swift; path = SectionTitleIndexController.swift; sourceTree = "<group>"; };
		1F4D506E261115D800C34716 /* InfoViewController.swift */ = {isa = PBXFileReference; lastKnownFileType = sourcecode.swift; path = InfoViewController.swift; sourceTree = "<group>"; };
		1F4D50742611160500C34716 /* Meal.swift */ = {isa = PBXFileReference; lastKnownFileType = sourcecode.swift; path = Meal.swift; sourceTree = "<group>"; };
		1F4D507C2611169500C34716 /* Interactor.swift */ = {isa = PBXFileReference; lastKnownFileType = sourcecode.swift; path = Interactor.swift; sourceTree = "<group>"; };
		1F4D508226111A3300C34716 /* HeaderView.swift */ = {isa = PBXFileReference; lastKnownFileType = sourcecode.swift; path = HeaderView.swift; sourceTree = "<group>"; };
		1F4D508A26111AF100C34716 /* DetailCollectionViewCell.swift */ = {isa = PBXFileReference; lastKnownFileType = sourcecode.swift; path = DetailCollectionViewCell.swift; sourceTree = "<group>"; };
		1F4D508F26111B1300C34716 /* DetailHeaderCollectionViewCell.swift */ = {isa = PBXFileReference; lastKnownFileType = sourcecode.swift; path = DetailHeaderCollectionViewCell.swift; sourceTree = "<group>"; };
		1F4D509426111BC300C34716 /* InfoCollectionViewCell.swift */ = {isa = PBXFileReference; lastKnownFileType = sourcecode.swift; path = InfoCollectionViewCell.swift; sourceTree = "<group>"; };
		1F4D509926111C1000C34716 /* MenuCollectionViewCell.swift */ = {isa = PBXFileReference; lastKnownFileType = sourcecode.swift; path = MenuCollectionViewCell.swift; sourceTree = "<group>"; };
		1F4D509E26111C5000C34716 /* SectionHeaderView.swift */ = {isa = PBXFileReference; lastKnownFileType = sourcecode.swift; path = SectionHeaderView.swift; sourceTree = "<group>"; };
		1F4D50A326111CD800C34716 /* MealItemViewController.swift */ = {isa = PBXFileReference; lastKnownFileType = sourcecode.swift; path = MealItemViewController.swift; sourceTree = "<group>"; };
		1F4D50A826111D5500C34716 /* MealItemTableViewCell.swift */ = {isa = PBXFileReference; lastKnownFileType = sourcecode.swift; path = MealItemTableViewCell.swift; sourceTree = "<group>"; };
		1F4D50AE26111DA700C34716 /* MealItemTitleCell.swift */ = {isa = PBXFileReference; lastKnownFileType = sourcecode.swift; path = MealItemTitleCell.swift; sourceTree = "<group>"; };
		1F4D50B626111DCE00C34716 /* MealItemQuantityCell.swift */ = {isa = PBXFileReference; lastKnownFileType = sourcecode.swift; path = MealItemQuantityCell.swift; sourceTree = "<group>"; };
		1F4D50BB26111E9400C34716 /* InfoTableView.swift */ = {isa = PBXFileReference; lastKnownFileType = sourcecode.swift; path = InfoTableView.swift; sourceTree = "<group>"; };
		1F4D50C026111F1200C34716 /* InfoTableViewHeader.swift */ = {isa = PBXFileReference; lastKnownFileType = sourcecode.swift; path = InfoTableViewHeader.swift; sourceTree = "<group>"; };
		1F4D50C52611204900C34716 /* InfoTableViewCell.swift */ = {isa = PBXFileReference; lastKnownFileType = sourcecode.swift; path = InfoTableViewCell.swift; sourceTree = "<group>"; };
		1F5F26E626156F060013D666 /* InfoDetailCollectionViewCell.swift */ = {isa = PBXFileReference; lastKnownFileType = sourcecode.swift; path = InfoDetailCollectionViewCell.swift; sourceTree = "<group>"; };
		1F5F26EB261593D30013D666 /* ReviewCollectionViewCell.swift */ = {isa = PBXFileReference; lastKnownFileType = sourcecode.swift; path = ReviewCollectionViewCell.swift; sourceTree = "<group>"; };
		1FA327B2260338E800811BC2 /* Nani.app */ = {isa = PBXFileReference; explicitFileType = wrapper.application; includeInIndex = 0; path = Nani.app; sourceTree = BUILT_PRODUCTS_DIR; };
		1FA327B5260338E800811BC2 /* AppDelegate.swift */ = {isa = PBXFileReference; lastKnownFileType = sourcecode.swift; path = AppDelegate.swift; sourceTree = "<group>"; };
		1FA327B7260338E800811BC2 /* SceneDelegate.swift */ = {isa = PBXFileReference; lastKnownFileType = sourcecode.swift; path = SceneDelegate.swift; sourceTree = "<group>"; };
		1FA327B9260338E800811BC2 /* DetailViewController.swift */ = {isa = PBXFileReference; lastKnownFileType = sourcecode.swift; path = DetailViewController.swift; sourceTree = "<group>"; };
		1FA327BC260338E800811BC2 /* Base */ = {isa = PBXFileReference; lastKnownFileType = file.storyboard; name = Base; path = Base.lproj/Main.storyboard; sourceTree = "<group>"; };
		1FA327BE260338E900811BC2 /* Assets.xcassets */ = {isa = PBXFileReference; lastKnownFileType = folder.assetcatalog; path = Assets.xcassets; sourceTree = "<group>"; };
		1FA327C1260338E900811BC2 /* Base */ = {isa = PBXFileReference; lastKnownFileType = file.storyboard; name = Base; path = Base.lproj/LaunchScreen.storyboard; sourceTree = "<group>"; };
		1FA327C3260338E900811BC2 /* Info.plist */ = {isa = PBXFileReference; lastKnownFileType = text.plist.xml; path = Info.plist; sourceTree = "<group>"; };
		1FA327C8260338E900811BC2 /* NaniTests.xctest */ = {isa = PBXFileReference; explicitFileType = wrapper.cfbundle; includeInIndex = 0; path = NaniTests.xctest; sourceTree = BUILT_PRODUCTS_DIR; };
		1FA327CC260338E900811BC2 /* NaniTests.swift */ = {isa = PBXFileReference; lastKnownFileType = sourcecode.swift; path = NaniTests.swift; sourceTree = "<group>"; };
		1FA327CE260338E900811BC2 /* Info.plist */ = {isa = PBXFileReference; lastKnownFileType = text.plist.xml; path = Info.plist; sourceTree = "<group>"; };
		1FA327D3260338E900811BC2 /* NaniUITests.xctest */ = {isa = PBXFileReference; explicitFileType = wrapper.cfbundle; includeInIndex = 0; path = NaniUITests.xctest; sourceTree = BUILT_PRODUCTS_DIR; };
		1FA327D7260338E900811BC2 /* NaniUITests.swift */ = {isa = PBXFileReference; lastKnownFileType = sourcecode.swift; path = NaniUITests.swift; sourceTree = "<group>"; };
		1FA327D9260338E900811BC2 /* Info.plist */ = {isa = PBXFileReference; lastKnownFileType = text.plist.xml; path = Info.plist; sourceTree = "<group>"; };
		1FB3A58926164E08004D71BF /* HomeViewController.swift */ = {isa = PBXFileReference; lastKnownFileType = sourcecode.swift; path = HomeViewController.swift; sourceTree = "<group>"; };
		1FB3A59126164E4E004D71BF /* HomeViewCell.swift */ = {isa = PBXFileReference; lastKnownFileType = sourcecode.swift; path = HomeViewCell.swift; sourceTree = "<group>"; };
		1FB3A59626165047004D71BF /* Business.swift */ = {isa = PBXFileReference; lastKnownFileType = sourcecode.swift; path = Business.swift; sourceTree = "<group>"; };
		1FB3A59C261652DF004D71BF /* PresentAnimator.swift */ = {isa = PBXFileReference; lastKnownFileType = sourcecode.swift; path = PresentAnimator.swift; sourceTree = "<group>"; };
		1FB3A5A426165308004D71BF /* DismissAnimator.swift */ = {isa = PBXFileReference; lastKnownFileType = sourcecode.swift; path = DismissAnimator.swift; sourceTree = "<group>"; };
		1FB3A5A926165C36004D71BF /* TabBarViewController.swift */ = {isa = PBXFileReference; lastKnownFileType = sourcecode.swift; path = TabBarViewController.swift; sourceTree = "<group>"; };
		1FB8DFE3261E59DB00132152 /* AddViewController.swift */ = {isa = PBXFileReference; lastKnownFileType = sourcecode.swift; path = AddViewController.swift; sourceTree = "<group>"; };
		1FB8DFF1261FDEF100132152 /* AddCollectionViewCell.swift */ = {isa = PBXFileReference; lastKnownFileType = sourcecode.swift; path = AddCollectionViewCell.swift; sourceTree = "<group>"; };
		1FB8DFF6261FE3CB00132152 /* CollectionViewCellDelegate.swift */ = {isa = PBXFileReference; lastKnownFileType = sourcecode.swift; path = CollectionViewCellDelegate.swift; sourceTree = "<group>"; };
		1FB8E003261FEDEE00132152 /* ShortAddCollectionViewCell.swift */ = {isa = PBXFileReference; lastKnownFileType = sourcecode.swift; path = ShortAddCollectionViewCell.swift; sourceTree = "<group>"; };
		1FB8E008261FFE8F00132152 /* ImageCollectionViewCell.swift */ = {isa = PBXFileReference; lastKnownFileType = sourcecode.swift; path = ImageCollectionViewCell.swift; sourceTree = "<group>"; };
		1FB8E00D26200C6600132152 /* DishContainsCollectionViewCell.swift */ = {isa = PBXFileReference; lastKnownFileType = sourcecode.swift; path = DishContainsCollectionViewCell.swift; sourceTree = "<group>"; };
		1FBD1A992654ACD9006FA458 /* ProfileViewController.swift */ = {isa = PBXFileReference; lastKnownFileType = sourcecode.swift; path = ProfileViewController.swift; sourceTree = "<group>"; };
		1FBD1AA12654AD11006FA458 /* ProfileViewController.xib */ = {isa = PBXFileReference; lastKnownFileType = file.xib; path = ProfileViewController.xib; sourceTree = "<group>"; };
		1FBD1AE92654D553006FA458 /* CurrentUser.swift */ = {isa = PBXFileReference; lastKnownFileType = sourcecode.swift; path = CurrentUser.swift; sourceTree = "<group>"; };
		1FBD1B652656F21E006FA458 /* AddReviewController.swift */ = {isa = PBXFileReference; lastKnownFileType = sourcecode.swift; path = AddReviewController.swift; sourceTree = "<group>"; };
		1FBD1B6D2656F22C006FA458 /* AddReviewController.xib */ = {isa = PBXFileReference; lastKnownFileType = file.xib; path = AddReviewController.xib; sourceTree = "<group>"; };
		1FBD1B7226570034006FA458 /* AddReviewCell.swift */ = {isa = PBXFileReference; lastKnownFileType = sourcecode.swift; path = AddReviewCell.swift; sourceTree = "<group>"; };
		1FBD1B77265701C0006FA458 /* RatingCell.swift */ = {isa = PBXFileReference; lastKnownFileType = sourcecode.swift; path = RatingCell.swift; sourceTree = "<group>"; };
		1FBD1B7C26571456006FA458 /* RatingCell.xib */ = {isa = PBXFileReference; lastKnownFileType = file.xib; path = RatingCell.xib; sourceTree = "<group>"; };
		1FBD1B81265779F8006FA458 /* AddReviewCellDelegate.swift */ = {isa = PBXFileReference; lastKnownFileType = sourcecode.swift; path = AddReviewCellDelegate.swift; sourceTree = "<group>"; };
		56ECBE7FD5805C94E1DCBA70 /* Pods-Nani-NaniUITests.debug.xcconfig */ = {isa = PBXFileReference; includeInIndex = 1; lastKnownFileType = text.xcconfig; name = "Pods-Nani-NaniUITests.debug.xcconfig"; path = "Target Support Files/Pods-Nani-NaniUITests/Pods-Nani-NaniUITests.debug.xcconfig"; sourceTree = "<group>"; };
		6D96B6D082B8166440F1C751 /* Pods-Nani.release.xcconfig */ = {isa = PBXFileReference; includeInIndex = 1; lastKnownFileType = text.xcconfig; name = "Pods-Nani.release.xcconfig"; path = "Target Support Files/Pods-Nani/Pods-Nani.release.xcconfig"; sourceTree = "<group>"; };
		7772DE6A8DC6B8DF7FDF96C2 /* Pods_Nani_NaniUITests.framework */ = {isa = PBXFileReference; explicitFileType = wrapper.framework; includeInIndex = 0; path = Pods_Nani_NaniUITests.framework; sourceTree = BUILT_PRODUCTS_DIR; };
		96B6CD19BC443AFC7E14114B /* Pods_NaniTests.framework */ = {isa = PBXFileReference; explicitFileType = wrapper.framework; includeInIndex = 0; path = Pods_NaniTests.framework; sourceTree = BUILT_PRODUCTS_DIR; };
		BAFB71102D36AF2450B06FE8 /* Pods-Nani.debug.xcconfig */ = {isa = PBXFileReference; includeInIndex = 1; lastKnownFileType = text.xcconfig; name = "Pods-Nani.debug.xcconfig"; path = "Target Support Files/Pods-Nani/Pods-Nani.debug.xcconfig"; sourceTree = "<group>"; };
		BC492569C7D0B59EDDC93716 /* Pods-Nani-NaniUITests.release.xcconfig */ = {isa = PBXFileReference; includeInIndex = 1; lastKnownFileType = text.xcconfig; name = "Pods-Nani-NaniUITests.release.xcconfig"; path = "Target Support Files/Pods-Nani-NaniUITests/Pods-Nani-NaniUITests.release.xcconfig"; sourceTree = "<group>"; };
		CA01D22FB732F920FBE0E025 /* Pods_Nani.framework */ = {isa = PBXFileReference; explicitFileType = wrapper.framework; includeInIndex = 0; path = Pods_Nani.framework; sourceTree = BUILT_PRODUCTS_DIR; };
		F00048DC33831D8C2F1EA902 /* Pods-NaniTests.debug.xcconfig */ = {isa = PBXFileReference; includeInIndex = 1; lastKnownFileType = text.xcconfig; name = "Pods-NaniTests.debug.xcconfig"; path = "Target Support Files/Pods-NaniTests/Pods-NaniTests.debug.xcconfig"; sourceTree = "<group>"; };
/* End PBXFileReference section */

/* Begin PBXFrameworksBuildPhase section */
		1FA327AF260338E800811BC2 /* Frameworks */ = {
			isa = PBXFrameworksBuildPhase;
			buildActionMask = 2147483647;
			files = (
				07A5494828D400DF45DBABFB /* Pods_Nani.framework in Frameworks */,
			);
			runOnlyForDeploymentPostprocessing = 0;
		};
		1FA327C5260338E900811BC2 /* Frameworks */ = {
			isa = PBXFrameworksBuildPhase;
			buildActionMask = 2147483647;
			files = (
				3CD1817D76CF11EEFBE0F1F8 /* Pods_NaniTests.framework in Frameworks */,
			);
			runOnlyForDeploymentPostprocessing = 0;
		};
		1FA327D0260338E900811BC2 /* Frameworks */ = {
			isa = PBXFrameworksBuildPhase;
			buildActionMask = 2147483647;
			files = (
				52E65082BF292FCFECA8929A /* Pods_Nani_NaniUITests.framework in Frameworks */,
			);
			runOnlyForDeploymentPostprocessing = 0;
		};
/* End PBXFrameworksBuildPhase section */

/* Begin PBXGroup section */
		1F1D06DA2644F129008A0ED7 /* Login */ = {
			isa = PBXGroup;
			children = (
				1F1D06DB2644F152008A0ED7 /* LoginViewController.swift */,
				1F1D06E32645CDD7008A0ED7 /* LoginViewController.xib */,
			);
			path = Login;
			sourceTree = "<group>";
		};
		1F2B47DF2612A9F500F758DE /* Font */ = {
			isa = PBXGroup;
			children = (
				1F2B47E02612AA4E00F758DE /* Comfortaa-Bold.ttf */,
				1F2B47E22612AA4E00F758DE /* Comfortaa-Light.ttf */,
				1F2B47E42612AA4E00F758DE /* Comfortaa-Medium.ttf */,
				1F2B47E32612AA4E00F758DE /* Comfortaa-Regular.ttf */,
				1F2B47E12612AA4E00F758DE /* Comfortaa-SemiBold.ttf */,
			);
			path = Font;
			sourceTree = "<group>";
		};
		1F4D50652611159900C34716 /* Detail */ = {
			isa = PBXGroup;
			children = (
				1FA327B9260338E800811BC2 /* DetailViewController.swift */,
				1F4D5066261115B600C34716 /* SectionTitleIndexController.swift */,
				1F4D506E261115D800C34716 /* InfoViewController.swift */,
				1F4D507C2611169500C34716 /* Interactor.swift */,
				1F4D50A326111CD800C34716 /* MealItemViewController.swift */,
			);
			path = Detail;
			sourceTree = "<group>";
		};
		1F4D5073261115F700C34716 /* Model */ = {
			isa = PBXGroup;
			children = (
				1F4D50742611160500C34716 /* Meal.swift */,
				1FB3A59626165047004D71BF /* Business.swift */,
				1F0FBF182620317C009B2A82 /* FoodCard.swift */,
				1F0FBF20262488C5009B2A82 /* Reivew.swift */,
				1F0FBF2526248A9B009B2A82 /* User.swift */,
				1FBD1AE92654D553006FA458 /* CurrentUser.swift */,
			);
			path = Model;
			sourceTree = "<group>";
		};
		1F4D5081261119F800C34716 /* View */ = {
			isa = PBXGroup;
			children = (
				1F4D50AD26111D7500C34716 /* Cell */,
				1F4D508226111A3300C34716 /* HeaderView.swift */,
				1F4D509E26111C5000C34716 /* SectionHeaderView.swift */,
				1F4D50BB26111E9400C34716 /* InfoTableView.swift */,
				1F4D50C026111F1200C34716 /* InfoTableViewHeader.swift */,
			);
			path = View;
			sourceTree = "<group>";
		};
		1F4D50AD26111D7500C34716 /* Cell */ = {
			isa = PBXGroup;
			children = (
				1F4D508A26111AF100C34716 /* DetailCollectionViewCell.swift */,
				1F4D508F26111B1300C34716 /* DetailHeaderCollectionViewCell.swift */,
				1F4D509426111BC300C34716 /* InfoCollectionViewCell.swift */,
				1F4D509926111C1000C34716 /* MenuCollectionViewCell.swift */,
				1F4D50A826111D5500C34716 /* MealItemTableViewCell.swift */,
				1F4D50AE26111DA700C34716 /* MealItemTitleCell.swift */,
				1F4D50B626111DCE00C34716 /* MealItemQuantityCell.swift */,
				1F4D50C52611204900C34716 /* InfoTableViewCell.swift */,
				1F5F26E626156F060013D666 /* InfoDetailCollectionViewCell.swift */,
				1F5F26EB261593D30013D666 /* ReviewCollectionViewCell.swift */,
				1F0FBF4526255851009B2A82 /* EmptyReviewCollectionViewCell.swift */,
			);
			path = Cell;
			sourceTree = "<group>";
		};
		1FA327A9260338E800811BC2 = {
			isa = PBXGroup;
			children = (
				1FA327B4260338E800811BC2 /* Nani */,
				1FA327CB260338E900811BC2 /* NaniTests */,
				1FA327D6260338E900811BC2 /* NaniUITests */,
				1FA327B3260338E800811BC2 /* Products */,
				75AE54B3F02218DAFBA2D7EA /* Pods */,
				95A392D4D3303E7850EC6DFA /* Frameworks */,
			);
			sourceTree = "<group>";
		};
		1FA327B3260338E800811BC2 /* Products */ = {
			isa = PBXGroup;
			children = (
				1FA327B2260338E800811BC2 /* Nani.app */,
				1FA327C8260338E900811BC2 /* NaniTests.xctest */,
				1FA327D3260338E900811BC2 /* NaniUITests.xctest */,
			);
			name = Products;
			sourceTree = "<group>";
		};
		1FA327B4260338E800811BC2 /* Nani */ = {
			isa = PBXGroup;
			children = (
				1FBD1B642656F201006FA458 /* Review */,
				1FBD1A982654ABEB006FA458 /* Profile */,
				1F1D06DA2644F129008A0ED7 /* Login */,
				1F0FBF67262665B6009B2A82 /* Nani.entitlements */,
				1FB8DFE2261E59C900132152 /* Add */,
				1FB3A59B261652C5004D71BF /* Animator */,
				1FB3A58826164DF4004D71BF /* Home */,
				1F2B47DF2612A9F500F758DE /* Font */,
				1F4D5081261119F800C34716 /* View */,
				1F4D5073261115F700C34716 /* Model */,
				1F4D50652611159900C34716 /* Detail */,
				1FA327B5260338E800811BC2 /* AppDelegate.swift */,
				1FA327B7260338E800811BC2 /* SceneDelegate.swift */,
				1FA327BB260338E800811BC2 /* Main.storyboard */,
				1FA327BE260338E900811BC2 /* Assets.xcassets */,
				1FA327C0260338E900811BC2 /* LaunchScreen.storyboard */,
				1FA327C3260338E900811BC2 /* Info.plist */,
				1F0FBED4262026C9009B2A82 /* GoogleService-Info.plist */,
				1FB3A5A926165C36004D71BF /* TabBarViewController.swift */,
			);
			path = Nani;
			sourceTree = "<group>";
		};
		1FA327CB260338E900811BC2 /* NaniTests */ = {
			isa = PBXGroup;
			children = (
				1FA327CC260338E900811BC2 /* NaniTests.swift */,
				1FA327CE260338E900811BC2 /* Info.plist */,
			);
			path = NaniTests;
			sourceTree = "<group>";
		};
		1FA327D6260338E900811BC2 /* NaniUITests */ = {
			isa = PBXGroup;
			children = (
				1FA327D7260338E900811BC2 /* NaniUITests.swift */,
				1FA327D9260338E900811BC2 /* Info.plist */,
			);
			path = NaniUITests;
			sourceTree = "<group>";
		};
		1FB3A58826164DF4004D71BF /* Home */ = {
			isa = PBXGroup;
			children = (
				1FB3A58926164E08004D71BF /* HomeViewController.swift */,
				1FB3A59126164E4E004D71BF /* HomeViewCell.swift */,
			);
			path = Home;
			sourceTree = "<group>";
		};
		1FB3A59B261652C5004D71BF /* Animator */ = {
			isa = PBXGroup;
			children = (
				1FB3A59C261652DF004D71BF /* PresentAnimator.swift */,
				1FB3A5A426165308004D71BF /* DismissAnimator.swift */,
			);
			path = Animator;
			sourceTree = "<group>";
		};
		1FB8DFE2261E59C900132152 /* Add */ = {
			isa = PBXGroup;
			children = (
				1FB8DFE3261E59DB00132152 /* AddViewController.swift */,
				1FB8DFF1261FDEF100132152 /* AddCollectionViewCell.swift */,
				1FB8DFF6261FE3CB00132152 /* CollectionViewCellDelegate.swift */,
				1FB8E003261FEDEE00132152 /* ShortAddCollectionViewCell.swift */,
				1FB8E008261FFE8F00132152 /* ImageCollectionViewCell.swift */,
				1FB8E00D26200C6600132152 /* DishContainsCollectionViewCell.swift */,
				1F0FBECC262018FB009B2A82 /* NoteCollectionViewCell.swift */,
			);
			path = Add;
			sourceTree = "<group>";
		};
		1FBD1A982654ABEB006FA458 /* Profile */ = {
			isa = PBXGroup;
			children = (
				1FBD1A992654ACD9006FA458 /* ProfileViewController.swift */,
				1FBD1AA12654AD11006FA458 /* ProfileViewController.xib */,
			);
			path = Profile;
			sourceTree = "<group>";
		};
		1FBD1B642656F201006FA458 /* Review */ = {
			isa = PBXGroup;
			children = (
				1FBD1B652656F21E006FA458 /* AddReviewController.swift */,
				1FBD1B6D2656F22C006FA458 /* AddReviewController.xib */,
				1FBD1B7226570034006FA458 /* AddReviewCell.swift */,
				1FBD1B77265701C0006FA458 /* RatingCell.swift */,
				1FBD1B7C26571456006FA458 /* RatingCell.xib */,
				1FBD1B81265779F8006FA458 /* AddReviewCellDelegate.swift */,
			);
			path = Review;
			sourceTree = "<group>";
		};
		75AE54B3F02218DAFBA2D7EA /* Pods */ = {
			isa = PBXGroup;
			children = (
				BAFB71102D36AF2450B06FE8 /* Pods-Nani.debug.xcconfig */,
				6D96B6D082B8166440F1C751 /* Pods-Nani.release.xcconfig */,
				56ECBE7FD5805C94E1DCBA70 /* Pods-Nani-NaniUITests.debug.xcconfig */,
				BC492569C7D0B59EDDC93716 /* Pods-Nani-NaniUITests.release.xcconfig */,
				F00048DC33831D8C2F1EA902 /* Pods-NaniTests.debug.xcconfig */,
				0B375973FEFCD551C7D176FB /* Pods-NaniTests.release.xcconfig */,
			);
			path = Pods;
			sourceTree = "<group>";
		};
		95A392D4D3303E7850EC6DFA /* Frameworks */ = {
			isa = PBXGroup;
			children = (
				CA01D22FB732F920FBE0E025 /* Pods_Nani.framework */,
				7772DE6A8DC6B8DF7FDF96C2 /* Pods_Nani_NaniUITests.framework */,
				96B6CD19BC443AFC7E14114B /* Pods_NaniTests.framework */,
			);
			name = Frameworks;
			sourceTree = "<group>";
		};
/* End PBXGroup section */

/* Begin PBXNativeTarget section */
		1FA327B1260338E800811BC2 /* Nani */ = {
			isa = PBXNativeTarget;
			buildConfigurationList = 1FA327DC260338E900811BC2 /* Build configuration list for PBXNativeTarget "Nani" */;
			buildPhases = (
				22812B75ECF212A96CDCBFB5 /* [CP] Check Pods Manifest.lock */,
				1FA327AE260338E800811BC2 /* Sources */,
				1FA327AF260338E800811BC2 /* Frameworks */,
				1FA327B0260338E800811BC2 /* Resources */,
				E8F04330A9E4ACB22C1A0860 /* [CP] Embed Pods Frameworks */,
				1F1D06A82633D211008A0ED7 /* ShellScript */,
				FCC6476926AF17C1D9572FF2 /* [CP] Copy Pods Resources */,
			);
			buildRules = (
			);
			dependencies = (
			);
			name = Nani;
			productName = Nani;
			productReference = 1FA327B2260338E800811BC2 /* Nani.app */;
			productType = "com.apple.product-type.application";
		};
		1FA327C7260338E900811BC2 /* NaniTests */ = {
			isa = PBXNativeTarget;
			buildConfigurationList = 1FA327DF260338E900811BC2 /* Build configuration list for PBXNativeTarget "NaniTests" */;
			buildPhases = (
				C5F6C2632B7BBA58A1B01C4E /* [CP] Check Pods Manifest.lock */,
				1FA327C4260338E900811BC2 /* Sources */,
				1FA327C5260338E900811BC2 /* Frameworks */,
				1FA327C6260338E900811BC2 /* Resources */,
			);
			buildRules = (
			);
			dependencies = (
				1FA327CA260338E900811BC2 /* PBXTargetDependency */,
			);
			name = NaniTests;
			productName = NaniTests;
			productReference = 1FA327C8260338E900811BC2 /* NaniTests.xctest */;
			productType = "com.apple.product-type.bundle.unit-test";
		};
		1FA327D2260338E900811BC2 /* NaniUITests */ = {
			isa = PBXNativeTarget;
			buildConfigurationList = 1FA327E2260338E900811BC2 /* Build configuration list for PBXNativeTarget "NaniUITests" */;
			buildPhases = (
				7F37193A3523C5A66906ECFD /* [CP] Check Pods Manifest.lock */,
				1FA327CF260338E900811BC2 /* Sources */,
				1FA327D0260338E900811BC2 /* Frameworks */,
				1FA327D1260338E900811BC2 /* Resources */,
				8DFFD40A9F912B346DF88763 /* [CP] Embed Pods Frameworks */,
				9C724606F07DF6F0EAAEFF0D /* [CP] Copy Pods Resources */,
			);
			buildRules = (
			);
			dependencies = (
				1FA327D5260338E900811BC2 /* PBXTargetDependency */,
			);
			name = NaniUITests;
			productName = NaniUITests;
			productReference = 1FA327D3260338E900811BC2 /* NaniUITests.xctest */;
			productType = "com.apple.product-type.bundle.ui-testing";
		};
/* End PBXNativeTarget section */

/* Begin PBXProject section */
		1FA327AA260338E800811BC2 /* Project object */ = {
			isa = PBXProject;
			attributes = {
				LastSwiftUpdateCheck = 1240;
				LastUpgradeCheck = 1240;
				TargetAttributes = {
					1FA327B1260338E800811BC2 = {
						CreatedOnToolsVersion = 12.4;
					};
					1FA327C7260338E900811BC2 = {
						CreatedOnToolsVersion = 12.4;
						TestTargetID = 1FA327B1260338E800811BC2;
					};
					1FA327D2260338E900811BC2 = {
						CreatedOnToolsVersion = 12.4;
						TestTargetID = 1FA327B1260338E800811BC2;
					};
				};
			};
			buildConfigurationList = 1FA327AD260338E800811BC2 /* Build configuration list for PBXProject "Nani" */;
			compatibilityVersion = "Xcode 9.3";
			developmentRegion = en;
			hasScannedForEncodings = 0;
			knownRegions = (
				en,
				Base,
			);
			mainGroup = 1FA327A9260338E800811BC2;
			productRefGroup = 1FA327B3260338E800811BC2 /* Products */;
			projectDirPath = "";
			projectRoot = "";
			targets = (
				1FA327B1260338E800811BC2 /* Nani */,
				1FA327C7260338E900811BC2 /* NaniTests */,
				1FA327D2260338E900811BC2 /* NaniUITests */,
			);
		};
/* End PBXProject section */

/* Begin PBXResourcesBuildPhase section */
		1FA327B0260338E800811BC2 /* Resources */ = {
			isa = PBXResourcesBuildPhase;
			buildActionMask = 2147483647;
			files = (
				1F1D06E42645CDD7008A0ED7 /* LoginViewController.xib in Resources */,
				1F2B47E62612AA4E00F758DE /* Comfortaa-SemiBold.ttf in Resources */,
				1F2B47E52612AA4E00F758DE /* Comfortaa-Bold.ttf in Resources */,
				1F0FBED5262026C9009B2A82 /* GoogleService-Info.plist in Resources */,
				1F2B47E92612AA4E00F758DE /* Comfortaa-Medium.ttf in Resources */,
				1FBD1AA22654AD11006FA458 /* ProfileViewController.xib in Resources */,
				1FA327C2260338E900811BC2 /* LaunchScreen.storyboard in Resources */,
				1F2B47E82612AA4E00F758DE /* Comfortaa-Regular.ttf in Resources */,
				1FBD1B7D26571456006FA458 /* RatingCell.xib in Resources */,
				1FA327BF260338E900811BC2 /* Assets.xcassets in Resources */,
				1F2B47E72612AA4E00F758DE /* Comfortaa-Light.ttf in Resources */,
				1FA327BD260338E800811BC2 /* Main.storyboard in Resources */,
				1FBD1B6E2656F22C006FA458 /* AddReviewController.xib in Resources */,
			);
			runOnlyForDeploymentPostprocessing = 0;
		};
		1FA327C6260338E900811BC2 /* Resources */ = {
			isa = PBXResourcesBuildPhase;
			buildActionMask = 2147483647;
			files = (
			);
			runOnlyForDeploymentPostprocessing = 0;
		};
		1FA327D1260338E900811BC2 /* Resources */ = {
			isa = PBXResourcesBuildPhase;
			buildActionMask = 2147483647;
			files = (
			);
			runOnlyForDeploymentPostprocessing = 0;
		};
/* End PBXResourcesBuildPhase section */

/* Begin PBXShellScriptBuildPhase section */
		1F1D06A82633D211008A0ED7 /* ShellScript */ = {
			isa = PBXShellScriptBuildPhase;
			buildActionMask = 2147483647;
			files = (
			);
			inputFileListPaths = (
			);
			inputPaths = (
				"${DWARF_DSYM_FOLDER_PATH}/${DWARF_DSYM_FILE_NAME}/Contents/Resources/DWARF/${TARGET_NA",
				"$(SRCROOT)/$(BUILT_PRODUCTS_DIR)/$(INFOPLIST_PATH)",
			);
			outputFileListPaths = (
			);
			outputPaths = (
			);
			runOnlyForDeploymentPostprocessing = 0;
			shellPath = /bin/sh;
			shellScript = "# Type a script or drag a script file from your workspace to insert its path.\n\"${PODS_ROOT}/FirebaseCrashlytics/run\"\n";
		};
		22812B75ECF212A96CDCBFB5 /* [CP] Check Pods Manifest.lock */ = {
			isa = PBXShellScriptBuildPhase;
			buildActionMask = 2147483647;
			files = (
			);
			inputFileListPaths = (
			);
			inputPaths = (
				"${PODS_PODFILE_DIR_PATH}/Podfile.lock",
				"${PODS_ROOT}/Manifest.lock",
			);
			name = "[CP] Check Pods Manifest.lock";
			outputFileListPaths = (
			);
			outputPaths = (
				"$(DERIVED_FILE_DIR)/Pods-Nani-checkManifestLockResult.txt",
			);
			runOnlyForDeploymentPostprocessing = 0;
			shellPath = /bin/sh;
			shellScript = "diff \"${PODS_PODFILE_DIR_PATH}/Podfile.lock\" \"${PODS_ROOT}/Manifest.lock\" > /dev/null\nif [ $? != 0 ] ; then\n    # print error to STDERR\n    echo \"error: The sandbox is not in sync with the Podfile.lock. Run 'pod install' or update your CocoaPods installation.\" >&2\n    exit 1\nfi\n# This output is used by Xcode 'outputs' to avoid re-running this script phase.\necho \"SUCCESS\" > \"${SCRIPT_OUTPUT_FILE_0}\"\n";
			showEnvVarsInLog = 0;
		};
		7F37193A3523C5A66906ECFD /* [CP] Check Pods Manifest.lock */ = {
			isa = PBXShellScriptBuildPhase;
			buildActionMask = 2147483647;
			files = (
			);
			inputFileListPaths = (
			);
			inputPaths = (
				"${PODS_PODFILE_DIR_PATH}/Podfile.lock",
				"${PODS_ROOT}/Manifest.lock",
			);
			name = "[CP] Check Pods Manifest.lock";
			outputFileListPaths = (
			);
			outputPaths = (
				"$(DERIVED_FILE_DIR)/Pods-Nani-NaniUITests-checkManifestLockResult.txt",
			);
			runOnlyForDeploymentPostprocessing = 0;
			shellPath = /bin/sh;
			shellScript = "diff \"${PODS_PODFILE_DIR_PATH}/Podfile.lock\" \"${PODS_ROOT}/Manifest.lock\" > /dev/null\nif [ $? != 0 ] ; then\n    # print error to STDERR\n    echo \"error: The sandbox is not in sync with the Podfile.lock. Run 'pod install' or update your CocoaPods installation.\" >&2\n    exit 1\nfi\n# This output is used by Xcode 'outputs' to avoid re-running this script phase.\necho \"SUCCESS\" > \"${SCRIPT_OUTPUT_FILE_0}\"\n";
			showEnvVarsInLog = 0;
		};
		8DFFD40A9F912B346DF88763 /* [CP] Embed Pods Frameworks */ = {
			isa = PBXShellScriptBuildPhase;
			buildActionMask = 2147483647;
			files = (
			);
			inputFileListPaths = (
				"${PODS_ROOT}/Target Support Files/Pods-Nani-NaniUITests/Pods-Nani-NaniUITests-frameworks-${CONFIGURATION}-input-files.xcfilelist",
			);
			name = "[CP] Embed Pods Frameworks";
			outputFileListPaths = (
				"${PODS_ROOT}/Target Support Files/Pods-Nani-NaniUITests/Pods-Nani-NaniUITests-frameworks-${CONFIGURATION}-output-files.xcfilelist",
			);
			runOnlyForDeploymentPostprocessing = 0;
			shellPath = /bin/sh;
			shellScript = "\"${PODS_ROOT}/Target Support Files/Pods-Nani-NaniUITests/Pods-Nani-NaniUITests-frameworks.sh\"\n";
			showEnvVarsInLog = 0;
		};
		9C724606F07DF6F0EAAEFF0D /* [CP] Copy Pods Resources */ = {
			isa = PBXShellScriptBuildPhase;
			buildActionMask = 2147483647;
			files = (
			);
			inputFileListPaths = (
				"${PODS_ROOT}/Target Support Files/Pods-Nani-NaniUITests/Pods-Nani-NaniUITests-resources-${CONFIGURATION}-input-files.xcfilelist",
			);
			name = "[CP] Copy Pods Resources";
			outputFileListPaths = (
				"${PODS_ROOT}/Target Support Files/Pods-Nani-NaniUITests/Pods-Nani-NaniUITests-resources-${CONFIGURATION}-output-files.xcfilelist",
			);
			runOnlyForDeploymentPostprocessing = 0;
			shellPath = /bin/sh;
			shellScript = "\"${PODS_ROOT}/Target Support Files/Pods-Nani-NaniUITests/Pods-Nani-NaniUITests-resources.sh\"\n";
			showEnvVarsInLog = 0;
		};
		C5F6C2632B7BBA58A1B01C4E /* [CP] Check Pods Manifest.lock */ = {
			isa = PBXShellScriptBuildPhase;
			buildActionMask = 2147483647;
			files = (
			);
			inputFileListPaths = (
			);
			inputPaths = (
				"${PODS_PODFILE_DIR_PATH}/Podfile.lock",
				"${PODS_ROOT}/Manifest.lock",
			);
			name = "[CP] Check Pods Manifest.lock";
			outputFileListPaths = (
			);
			outputPaths = (
				"$(DERIVED_FILE_DIR)/Pods-NaniTests-checkManifestLockResult.txt",
			);
			runOnlyForDeploymentPostprocessing = 0;
			shellPath = /bin/sh;
			shellScript = "diff \"${PODS_PODFILE_DIR_PATH}/Podfile.lock\" \"${PODS_ROOT}/Manifest.lock\" > /dev/null\nif [ $? != 0 ] ; then\n    # print error to STDERR\n    echo \"error: The sandbox is not in sync with the Podfile.lock. Run 'pod install' or update your CocoaPods installation.\" >&2\n    exit 1\nfi\n# This output is used by Xcode 'outputs' to avoid re-running this script phase.\necho \"SUCCESS\" > \"${SCRIPT_OUTPUT_FILE_0}\"\n";
			showEnvVarsInLog = 0;
		};
		E8F04330A9E4ACB22C1A0860 /* [CP] Embed Pods Frameworks */ = {
			isa = PBXShellScriptBuildPhase;
			buildActionMask = 2147483647;
			files = (
			);
			inputFileListPaths = (
				"${PODS_ROOT}/Target Support Files/Pods-Nani/Pods-Nani-frameworks-${CONFIGURATION}-input-files.xcfilelist",
			);
			name = "[CP] Embed Pods Frameworks";
			outputFileListPaths = (
				"${PODS_ROOT}/Target Support Files/Pods-Nani/Pods-Nani-frameworks-${CONFIGURATION}-output-files.xcfilelist",
			);
			runOnlyForDeploymentPostprocessing = 0;
			shellPath = /bin/sh;
			shellScript = "\"${PODS_ROOT}/Target Support Files/Pods-Nani/Pods-Nani-frameworks.sh\"\n";
			showEnvVarsInLog = 0;
		};
		FCC6476926AF17C1D9572FF2 /* [CP] Copy Pods Resources */ = {
			isa = PBXShellScriptBuildPhase;
			buildActionMask = 2147483647;
			files = (
			);
			inputFileListPaths = (
				"${PODS_ROOT}/Target Support Files/Pods-Nani/Pods-Nani-resources-${CONFIGURATION}-input-files.xcfilelist",
			);
			name = "[CP] Copy Pods Resources";
			outputFileListPaths = (
				"${PODS_ROOT}/Target Support Files/Pods-Nani/Pods-Nani-resources-${CONFIGURATION}-output-files.xcfilelist",
			);
			runOnlyForDeploymentPostprocessing = 0;
			shellPath = /bin/sh;
			shellScript = "\"${PODS_ROOT}/Target Support Files/Pods-Nani/Pods-Nani-resources.sh\"\n";
			showEnvVarsInLog = 0;
		};
/* End PBXShellScriptBuildPhase section */

/* Begin PBXSourcesBuildPhase section */
		1FA327AE260338E800811BC2 /* Sources */ = {
			isa = PBXSourcesBuildPhase;
			buildActionMask = 2147483647;
			files = (
				1F0FBF21262488C6009B2A82 /* Reivew.swift in Sources */,
				1F5F26EC261593D30013D666 /* ReviewCollectionViewCell.swift in Sources */,
				1FA327BA260338E800811BC2 /* DetailViewController.swift in Sources */,
				1F4D50C62611204900C34716 /* InfoTableViewCell.swift in Sources */,
				1FB3A59726165047004D71BF /* Business.swift in Sources */,
				1FB8DFF7261FE3CB00132152 /* CollectionViewCellDelegate.swift in Sources */,
				1FBD1B82265779F8006FA458 /* AddReviewCellDelegate.swift in Sources */,
				1FB3A5AA26165C36004D71BF /* TabBarViewController.swift in Sources */,
				1F4D5067261115B600C34716 /* SectionTitleIndexController.swift in Sources */,
				1FB8DFF2261FDEF100132152 /* AddCollectionViewCell.swift in Sources */,
				1F4D50AF26111DA700C34716 /* MealItemTitleCell.swift in Sources */,
				1FB8E00E26200C6600132152 /* DishContainsCollectionViewCell.swift in Sources */,
				1F4D509F26111C5000C34716 /* SectionHeaderView.swift in Sources */,
				1FB3A58A26164E08004D71BF /* HomeViewController.swift in Sources */,
				1FA327B6260338E800811BC2 /* AppDelegate.swift in Sources */,
				1FBD1B662656F21E006FA458 /* AddReviewController.swift in Sources */,
				1FB8E009261FFE8F00132152 /* ImageCollectionViewCell.swift in Sources */,
				1FA327B8260338E800811BC2 /* SceneDelegate.swift in Sources */,
				1FB3A59D261652DF004D71BF /* PresentAnimator.swift in Sources */,
				1F4D50752611160500C34716 /* Meal.swift in Sources */,
				1F0FBF2626248A9B009B2A82 /* User.swift in Sources */,
				1F0FBF4626255851009B2A82 /* EmptyReviewCollectionViewCell.swift in Sources */,
				1FB8DFE4261E59DB00132152 /* AddViewController.swift in Sources */,
				1F4D507D2611169500C34716 /* Interactor.swift in Sources */,
				1F4D506F261115D800C34716 /* InfoViewController.swift in Sources */,
				1FBD1B78265701C0006FA458 /* RatingCell.swift in Sources */,
				1F5F26E726156F060013D666 /* InfoDetailCollectionViewCell.swift in Sources */,
				1F4D50C126111F1200C34716 /* InfoTableViewHeader.swift in Sources */,
				1F4D508326111A3300C34716 /* HeaderView.swift in Sources */,
				1F4D50A926111D5500C34716 /* MealItemTableViewCell.swift in Sources */,
				1FB8E004261FEDEE00132152 /* ShortAddCollectionViewCell.swift in Sources */,
				1F1D06DC2644F152008A0ED7 /* LoginViewController.swift in Sources */,
				1F0FBF192620317C009B2A82 /* FoodCard.swift in Sources */,
				1F4D509026111B1300C34716 /* DetailHeaderCollectionViewCell.swift in Sources */,
				1FB3A59226164E4E004D71BF /* HomeViewCell.swift in Sources */,
				1F0FBECD262018FB009B2A82 /* NoteCollectionViewCell.swift in Sources */,
				1F4D50A426111CD800C34716 /* MealItemViewController.swift in Sources */,
				1F4D50BC26111E9400C34716 /* InfoTableView.swift in Sources */,
				1F4D509526111BC300C34716 /* InfoCollectionViewCell.swift in Sources */,
				1FBD1B7326570034006FA458 /* AddReviewCell.swift in Sources */,
				1FBD1A9A2654ACD9006FA458 /* ProfileViewController.swift in Sources */,
				1F4D508B26111AF200C34716 /* DetailCollectionViewCell.swift in Sources */,
				1F4D50B726111DCE00C34716 /* MealItemQuantityCell.swift in Sources */,
				1FB3A5A526165308004D71BF /* DismissAnimator.swift in Sources */,
				1FBD1AEA2654D553006FA458 /* CurrentUser.swift in Sources */,
				1F4D509A26111C1000C34716 /* MenuCollectionViewCell.swift in Sources */,
			);
			runOnlyForDeploymentPostprocessing = 0;
		};
		1FA327C4260338E900811BC2 /* Sources */ = {
			isa = PBXSourcesBuildPhase;
			buildActionMask = 2147483647;
			files = (
				1FA327CD260338E900811BC2 /* NaniTests.swift in Sources */,
			);
			runOnlyForDeploymentPostprocessing = 0;
		};
		1FA327CF260338E900811BC2 /* Sources */ = {
			isa = PBXSourcesBuildPhase;
			buildActionMask = 2147483647;
			files = (
				1FA327D8260338E900811BC2 /* NaniUITests.swift in Sources */,
			);
			runOnlyForDeploymentPostprocessing = 0;
		};
/* End PBXSourcesBuildPhase section */

/* Begin PBXTargetDependency section */
		1FA327CA260338E900811BC2 /* PBXTargetDependency */ = {
			isa = PBXTargetDependency;
			target = 1FA327B1260338E800811BC2 /* Nani */;
			targetProxy = 1FA327C9260338E900811BC2 /* PBXContainerItemProxy */;
		};
		1FA327D5260338E900811BC2 /* PBXTargetDependency */ = {
			isa = PBXTargetDependency;
			target = 1FA327B1260338E800811BC2 /* Nani */;
			targetProxy = 1FA327D4260338E900811BC2 /* PBXContainerItemProxy */;
		};
/* End PBXTargetDependency section */

/* Begin PBXVariantGroup section */
		1FA327BB260338E800811BC2 /* Main.storyboard */ = {
			isa = PBXVariantGroup;
			children = (
				1FA327BC260338E800811BC2 /* Base */,
			);
			name = Main.storyboard;
			sourceTree = "<group>";
		};
		1FA327C0260338E900811BC2 /* LaunchScreen.storyboard */ = {
			isa = PBXVariantGroup;
			children = (
				1FA327C1260338E900811BC2 /* Base */,
			);
			name = LaunchScreen.storyboard;
			sourceTree = "<group>";
		};
/* End PBXVariantGroup section */

/* Begin XCBuildConfiguration section */
		1FA327DA260338E900811BC2 /* Debug */ = {
			isa = XCBuildConfiguration;
			buildSettings = {
				ALWAYS_SEARCH_USER_PATHS = NO;
				CLANG_ANALYZER_NONNULL = YES;
				CLANG_ANALYZER_NUMBER_OBJECT_CONVERSION = YES_AGGRESSIVE;
				CLANG_CXX_LANGUAGE_STANDARD = "gnu++14";
				CLANG_CXX_LIBRARY = "libc++";
				CLANG_ENABLE_MODULES = YES;
				CLANG_ENABLE_OBJC_ARC = YES;
				CLANG_ENABLE_OBJC_WEAK = YES;
				CLANG_WARN_BLOCK_CAPTURE_AUTORELEASING = YES;
				CLANG_WARN_BOOL_CONVERSION = YES;
				CLANG_WARN_COMMA = YES;
				CLANG_WARN_CONSTANT_CONVERSION = YES;
				CLANG_WARN_DEPRECATED_OBJC_IMPLEMENTATIONS = YES;
				CLANG_WARN_DIRECT_OBJC_ISA_USAGE = YES_ERROR;
				CLANG_WARN_DOCUMENTATION_COMMENTS = YES;
				CLANG_WARN_EMPTY_BODY = YES;
				CLANG_WARN_ENUM_CONVERSION = YES;
				CLANG_WARN_INFINITE_RECURSION = YES;
				CLANG_WARN_INT_CONVERSION = YES;
				CLANG_WARN_NON_LITERAL_NULL_CONVERSION = YES;
				CLANG_WARN_OBJC_IMPLICIT_RETAIN_SELF = YES;
				CLANG_WARN_OBJC_LITERAL_CONVERSION = YES;
				CLANG_WARN_OBJC_ROOT_CLASS = YES_ERROR;
				CLANG_WARN_QUOTED_INCLUDE_IN_FRAMEWORK_HEADER = YES;
				CLANG_WARN_RANGE_LOOP_ANALYSIS = YES;
				CLANG_WARN_STRICT_PROTOTYPES = YES;
				CLANG_WARN_SUSPICIOUS_MOVE = YES;
				CLANG_WARN_UNGUARDED_AVAILABILITY = YES_AGGRESSIVE;
				CLANG_WARN_UNREACHABLE_CODE = YES;
				CLANG_WARN__DUPLICATE_METHOD_MATCH = YES;
				COPY_PHASE_STRIP = NO;
				DEBUG_INFORMATION_FORMAT = dwarf;
				ENABLE_STRICT_OBJC_MSGSEND = YES;
				ENABLE_TESTABILITY = YES;
				GCC_C_LANGUAGE_STANDARD = gnu11;
				GCC_DYNAMIC_NO_PIC = NO;
				GCC_NO_COMMON_BLOCKS = YES;
				GCC_OPTIMIZATION_LEVEL = 0;
				GCC_PREPROCESSOR_DEFINITIONS = (
					"DEBUG=1",
					"$(inherited)",
				);
				GCC_WARN_64_TO_32_BIT_CONVERSION = YES;
				GCC_WARN_ABOUT_RETURN_TYPE = YES_ERROR;
				GCC_WARN_UNDECLARED_SELECTOR = YES;
				GCC_WARN_UNINITIALIZED_AUTOS = YES_AGGRESSIVE;
				GCC_WARN_UNUSED_FUNCTION = YES;
				GCC_WARN_UNUSED_VARIABLE = YES;
				IPHONEOS_DEPLOYMENT_TARGET = 14.4;
				MTL_ENABLE_DEBUG_INFO = INCLUDE_SOURCE;
				MTL_FAST_MATH = YES;
				ONLY_ACTIVE_ARCH = YES;
				SDKROOT = iphoneos;
				SWIFT_ACTIVE_COMPILATION_CONDITIONS = DEBUG;
				SWIFT_OPTIMIZATION_LEVEL = "-Onone";
			};
			name = Debug;
		};
		1FA327DB260338E900811BC2 /* Release */ = {
			isa = XCBuildConfiguration;
			buildSettings = {
				ALWAYS_SEARCH_USER_PATHS = NO;
				CLANG_ANALYZER_NONNULL = YES;
				CLANG_ANALYZER_NUMBER_OBJECT_CONVERSION = YES_AGGRESSIVE;
				CLANG_CXX_LANGUAGE_STANDARD = "gnu++14";
				CLANG_CXX_LIBRARY = "libc++";
				CLANG_ENABLE_MODULES = YES;
				CLANG_ENABLE_OBJC_ARC = YES;
				CLANG_ENABLE_OBJC_WEAK = YES;
				CLANG_WARN_BLOCK_CAPTURE_AUTORELEASING = YES;
				CLANG_WARN_BOOL_CONVERSION = YES;
				CLANG_WARN_COMMA = YES;
				CLANG_WARN_CONSTANT_CONVERSION = YES;
				CLANG_WARN_DEPRECATED_OBJC_IMPLEMENTATIONS = YES;
				CLANG_WARN_DIRECT_OBJC_ISA_USAGE = YES_ERROR;
				CLANG_WARN_DOCUMENTATION_COMMENTS = YES;
				CLANG_WARN_EMPTY_BODY = YES;
				CLANG_WARN_ENUM_CONVERSION = YES;
				CLANG_WARN_INFINITE_RECURSION = YES;
				CLANG_WARN_INT_CONVERSION = YES;
				CLANG_WARN_NON_LITERAL_NULL_CONVERSION = YES;
				CLANG_WARN_OBJC_IMPLICIT_RETAIN_SELF = YES;
				CLANG_WARN_OBJC_LITERAL_CONVERSION = YES;
				CLANG_WARN_OBJC_ROOT_CLASS = YES_ERROR;
				CLANG_WARN_QUOTED_INCLUDE_IN_FRAMEWORK_HEADER = YES;
				CLANG_WARN_RANGE_LOOP_ANALYSIS = YES;
				CLANG_WARN_STRICT_PROTOTYPES = YES;
				CLANG_WARN_SUSPICIOUS_MOVE = YES;
				CLANG_WARN_UNGUARDED_AVAILABILITY = YES_AGGRESSIVE;
				CLANG_WARN_UNREACHABLE_CODE = YES;
				CLANG_WARN__DUPLICATE_METHOD_MATCH = YES;
				COPY_PHASE_STRIP = NO;
				DEBUG_INFORMATION_FORMAT = "dwarf-with-dsym";
				ENABLE_NS_ASSERTIONS = NO;
				ENABLE_STRICT_OBJC_MSGSEND = YES;
				GCC_C_LANGUAGE_STANDARD = gnu11;
				GCC_NO_COMMON_BLOCKS = YES;
				GCC_WARN_64_TO_32_BIT_CONVERSION = YES;
				GCC_WARN_ABOUT_RETURN_TYPE = YES_ERROR;
				GCC_WARN_UNDECLARED_SELECTOR = YES;
				GCC_WARN_UNINITIALIZED_AUTOS = YES_AGGRESSIVE;
				GCC_WARN_UNUSED_FUNCTION = YES;
				GCC_WARN_UNUSED_VARIABLE = YES;
				IPHONEOS_DEPLOYMENT_TARGET = 14.4;
				MTL_ENABLE_DEBUG_INFO = NO;
				MTL_FAST_MATH = YES;
				SDKROOT = iphoneos;
				SWIFT_COMPILATION_MODE = wholemodule;
				SWIFT_OPTIMIZATION_LEVEL = "-O";
				VALIDATE_PRODUCT = YES;
			};
			name = Release;
		};
		1FA327DD260338E900811BC2 /* Debug */ = {
			isa = XCBuildConfiguration;
			baseConfigurationReference = BAFB71102D36AF2450B06FE8 /* Pods-Nani.debug.xcconfig */;
			buildSettings = {
				ASSETCATALOG_COMPILER_APPICON_NAME = AppIcon;
				ASSETCATALOG_COMPILER_GLOBAL_ACCENT_COLOR_NAME = AccentColor;
				CODE_SIGN_ENTITLEMENTS = Nani/Nani.entitlements;
				CODE_SIGN_STYLE = Automatic;
				CURRENT_PROJECT_VERSION = 0.2.6;
				DEBUG_INFORMATION_FORMAT = "dwarf-with-dsym";
				DEVELOPMENT_TEAM = 47663X44T4;
				INFOPLIST_FILE = Nani/Info.plist;
				LD_RUNPATH_SEARCH_PATHS = (
					"$(inherited)",
					"@executable_path/Frameworks",
				);
				MARKETING_VERSION = 0.2;
				PRODUCT_BUNDLE_IDENTIFIER = Nani.today;
				PRODUCT_NAME = "$(TARGET_NAME)";
				SWIFT_VERSION = 5.0;
				TARGETED_DEVICE_FAMILY = "1,2";
			};
			name = Debug;
		};
		1FA327DE260338E900811BC2 /* Release */ = {
			isa = XCBuildConfiguration;
			baseConfigurationReference = 6D96B6D082B8166440F1C751 /* Pods-Nani.release.xcconfig */;
			buildSettings = {
				ASSETCATALOG_COMPILER_APPICON_NAME = AppIcon;
				ASSETCATALOG_COMPILER_GLOBAL_ACCENT_COLOR_NAME = AccentColor;
				CODE_SIGN_ENTITLEMENTS = Nani/Nani.entitlements;
				CODE_SIGN_STYLE = Automatic;
				CURRENT_PROJECT_VERSION = 0.2.6;
				DEVELOPMENT_TEAM = 47663X44T4;
				INFOPLIST_FILE = Nani/Info.plist;
				LD_RUNPATH_SEARCH_PATHS = (
					"$(inherited)",
					"@executable_path/Frameworks",
				);
				MARKETING_VERSION = 0.2;
				PRODUCT_BUNDLE_IDENTIFIER = Nani.today;
				PRODUCT_NAME = "$(TARGET_NAME)";
				SWIFT_VERSION = 5.0;
				TARGETED_DEVICE_FAMILY = "1,2";
			};
			name = Release;
		};
		1FA327E0260338E900811BC2 /* Debug */ = {
			isa = XCBuildConfiguration;
			baseConfigurationReference = F00048DC33831D8C2F1EA902 /* Pods-NaniTests.debug.xcconfig */;
			buildSettings = {
				ALWAYS_EMBED_SWIFT_STANDARD_LIBRARIES = YES;
				BUNDLE_LOADER = "$(TEST_HOST)";
				CODE_SIGN_STYLE = Automatic;
				DEVELOPMENT_TEAM = 47663X44T4;
				INFOPLIST_FILE = NaniTests/Info.plist;
				IPHONEOS_DEPLOYMENT_TARGET = 14.4;
				LD_RUNPATH_SEARCH_PATHS = (
					"$(inherited)",
					"@executable_path/Frameworks",
					"@loader_path/Frameworks",
				);
				PRODUCT_BUNDLE_IDENTIFIER = Nani.NaniTests;
				PRODUCT_NAME = "$(TARGET_NAME)";
				SWIFT_VERSION = 5.0;
				TARGETED_DEVICE_FAMILY = "1,2";
				TEST_HOST = "$(BUILT_PRODUCTS_DIR)/Nani.app/Nani";
			};
			name = Debug;
		};
		1FA327E1260338E900811BC2 /* Release */ = {
			isa = XCBuildConfiguration;
			baseConfigurationReference = 0B375973FEFCD551C7D176FB /* Pods-NaniTests.release.xcconfig */;
			buildSettings = {
				ALWAYS_EMBED_SWIFT_STANDARD_LIBRARIES = YES;
				BUNDLE_LOADER = "$(TEST_HOST)";
				CODE_SIGN_STYLE = Automatic;
				DEVELOPMENT_TEAM = 47663X44T4;
				INFOPLIST_FILE = NaniTests/Info.plist;
				IPHONEOS_DEPLOYMENT_TARGET = 14.4;
				LD_RUNPATH_SEARCH_PATHS = (
					"$(inherited)",
					"@executable_path/Frameworks",
					"@loader_path/Frameworks",
				);
				PRODUCT_BUNDLE_IDENTIFIER = Nani.NaniTests;
				PRODUCT_NAME = "$(TARGET_NAME)";
				SWIFT_VERSION = 5.0;
				TARGETED_DEVICE_FAMILY = "1,2";
				TEST_HOST = "$(BUILT_PRODUCTS_DIR)/Nani.app/Nani";
			};
			name = Release;
		};
		1FA327E3260338E900811BC2 /* Debug */ = {
			isa = XCBuildConfiguration;
			baseConfigurationReference = 56ECBE7FD5805C94E1DCBA70 /* Pods-Nani-NaniUITests.debug.xcconfig */;
			buildSettings = {
				ALWAYS_EMBED_SWIFT_STANDARD_LIBRARIES = YES;
				CODE_SIGN_STYLE = Automatic;
				DEVELOPMENT_TEAM = 47663X44T4;
				INFOPLIST_FILE = NaniUITests/Info.plist;
				LD_RUNPATH_SEARCH_PATHS = (
					"$(inherited)",
					"@executable_path/Frameworks",
					"@loader_path/Frameworks",
				);
				PRODUCT_BUNDLE_IDENTIFIER = Nani.NaniUITests;
				PRODUCT_NAME = "$(TARGET_NAME)";
				SWIFT_VERSION = 5.0;
				TARGETED_DEVICE_FAMILY = "1,2";
				TEST_TARGET_NAME = Nani;
			};
			name = Debug;
		};
		1FA327E4260338E900811BC2 /* Release */ = {
			isa = XCBuildConfiguration;
			baseConfigurationReference = BC492569C7D0B59EDDC93716 /* Pods-Nani-NaniUITests.release.xcconfig */;
			buildSettings = {
				ALWAYS_EMBED_SWIFT_STANDARD_LIBRARIES = YES;
				CODE_SIGN_STYLE = Automatic;
				DEVELOPMENT_TEAM = 47663X44T4;
				INFOPLIST_FILE = NaniUITests/Info.plist;
				LD_RUNPATH_SEARCH_PATHS = (
					"$(inherited)",
					"@executable_path/Frameworks",
					"@loader_path/Frameworks",
				);
				PRODUCT_BUNDLE_IDENTIFIER = Nani.NaniUITests;
				PRODUCT_NAME = "$(TARGET_NAME)";
				SWIFT_VERSION = 5.0;
				TARGETED_DEVICE_FAMILY = "1,2";
				TEST_TARGET_NAME = Nani;
			};
			name = Release;
		};
/* End XCBuildConfiguration section */

/* Begin XCConfigurationList section */
		1FA327AD260338E800811BC2 /* Build configuration list for PBXProject "Nani" */ = {
			isa = XCConfigurationList;
			buildConfigurations = (
				1FA327DA260338E900811BC2 /* Debug */,
				1FA327DB260338E900811BC2 /* Release */,
			);
			defaultConfigurationIsVisible = 0;
			defaultConfigurationName = Release;
		};
		1FA327DC260338E900811BC2 /* Build configuration list for PBXNativeTarget "Nani" */ = {
			isa = XCConfigurationList;
			buildConfigurations = (
				1FA327DD260338E900811BC2 /* Debug */,
				1FA327DE260338E900811BC2 /* Release */,
			);
			defaultConfigurationIsVisible = 0;
			defaultConfigurationName = Release;
		};
		1FA327DF260338E900811BC2 /* Build configuration list for PBXNativeTarget "NaniTests" */ = {
			isa = XCConfigurationList;
			buildConfigurations = (
				1FA327E0260338E900811BC2 /* Debug */,
				1FA327E1260338E900811BC2 /* Release */,
			);
			defaultConfigurationIsVisible = 0;
			defaultConfigurationName = Release;
		};
		1FA327E2260338E900811BC2 /* Build configuration list for PBXNativeTarget "NaniUITests" */ = {
			isa = XCConfigurationList;
			buildConfigurations = (
				1FA327E3260338E900811BC2 /* Debug */,
				1FA327E4260338E900811BC2 /* Release */,
			);
			defaultConfigurationIsVisible = 0;
			defaultConfigurationName = Release;
		};
/* End XCConfigurationList section */
	};
	rootObject = 1FA327AA260338E800811BC2 /* Project object */;
}
